{
  "name": "@namespace/highcharts-3d",
  "version": "0.0.3",
  "lockfileVersion": 1,
  "requires": true,
  "dependencies": {
    "bcore": {
      "version": "0.0.18",
      "resolved": "http://registry.npm.taobao.org/bcore/download/bcore-0.0.18.tgz",
      "integrity": "sha1-UpF416UvaoAexK4pKLFLMTGYRC4="
    },
    "highcharts": {
      "version": "7.1.0",
      "resolved": "http://registry.npm.taobao.org/highcharts/download/highcharts-7.1.0.tgz",
      "integrity": "sha1-JN/J7LoKpNoY9FdZCE3rCtbHzSA="
    },
    "jquery": {
      "version": "3.4.0",
      "resolved": "https://registry.npmjs.org/jquery/-/jquery-3.4.0.tgz",
      "integrity": "sha512-ggRCXln9zEqv6OqAGXFEcshF5dSBvCkzj6Gm2gzuR5fWawaX8t7cxKVkkygKODrDAzKdoYw3l/e3pm3vlT4IbQ=="
    },
    "lodash": {
      "version": "4.6.1",
      "resolved": "http://registry.npm.taobao.org/lodash/download/lodash-4.6.1.tgz",
      "integrity": "sha1-3wDBFkrSNrGDz8OIel6NOMxjy7w="
    }
  }
}
