{
  "name": "@namespace/three-demo",
  "version": "0.0.2",
  "lockfileVersion": 1,
  "requires": true,
  "dependencies": {
    "bcore": {
      "version": "0.0.18",
      "resolved": "http://registry.npm.taobao.org/bcore/download/bcore-0.0.18.tgz",
      "integrity": "sha1-UpF416UvaoAexK4pKLFLMTGYRC4="
    },
    "jquery": {
      "version": "2.1.4",
      "resolved": "http://registry.npm.taobao.org/jquery/download/jquery-2.1.4.tgz",
      "integrity": "sha1-IoveaYoMYUMdwmMKahVPFYkNIxc="
    },
    "lodash": {
      "version": "4.6.1",
      "resolved": "http://registry.npm.taobao.org/lodash/download/lodash-4.6.1.tgz",
      "integrity": "sha1-3wDBFkrSNrGDz8OIel6NOMxjy7w="
    },
    "three": {
      "version": "0.137.0",
      "resolved": "https://registry.npmjs.org/three/-/three-0.137.0.tgz",
      "integrity": "sha512-rzSDhia6cU35UCy6y+zEEws6vSgytfHqFMSaBvUcySgzwvDO6vETyswtSNi/+aVqJw8WLMwyT1mlQQ1T/dxxOA=="
    }
  }
}
